{
  "name": "enum-code-message",
  "version": "0.1.0",
  "lockfileVersion": 1,
  "requires": true,
  "dependencies": {
    "@4a/enum": {
      "version": "0.3.1",
      "resolved": "https://registry.npmjs.org/@4a/enum/-/enum-0.3.1.tgz",
      "integrity": "sha512-WpTzU+K+MB06Klrhu2X+l3lFbxbX3VGoymYCY+Ajm8rRcgWbPKt1ivwcZHon/XmYirc5FEWar0AIVjfjBlKWgA=="
    }
  }
}
