{
  "name": "@4a/enum-code-message",
  "version": "0.1.0",
  "lockfileVersion": 1,
  "requires": true,
  "dependencies": {
    "@4a/enum": {
      "version": "0.4.1",
      "resolved": "https://registry.npmjs.org/@4a/enum/-/enum-0.4.1.tgz",
      "integrity": "sha512-qTdYvrFLrR/KzsjhjO9OYNto37L/inZIsxEVqwDD48no7zOWC4Y4wknJl2VqQA7P2fkj3t0iYbMrj324c4fcKg=="
    }
  }
}
